
Microsoft Visual Studio Solution File, Format Version 12.00
# Visual Studio Version 17
VisualStudioVersion = 17.9.34728.123
MinimumVisualStudioVersion = 10.0.40219.1
Project("{FAE04EC0-301F-11D3-BF4B-00C04F79EFBC}") = "MusicApp.Server", "MusicApp.Server\MusicApp.Server.csproj", "{91C72429-A08A-4980-B4C8-018C56B9565A}"
EndProject
Project("{54A90642-561A-4BB1-A94E-469ADEE60C69}") = "musicapp.client", "musicapp.client\musicapp.client.esproj", "{F6905258-56F6-4C21-95D2-40C120D3E0E7}"
EndProject
Global
	GlobalSection(SolutionConfigurationPlatforms) = preSolution
		Debug|Any CPU = Debug|Any CPU
		Release|Any CPU = Release|Any CPU
	EndGlobalSection
	GlobalSection(ProjectConfigurationPlatforms) = postSolution
		{91C72429-A08A-4980-B4C8-018C56B9565A}.Debug|Any CPU.ActiveCfg = Debug|Any CPU
		{91C72429-A08A-4980-B4C8-018C56B9565A}.Debug|Any CPU.Build.0 = Debug|Any CPU
		{91C72429-A08A-4980-B4C8-018C56B9565A}.Release|Any CPU.ActiveCfg = Release|Any CPU
		{91C72429-A08A-4980-B4C8-018C56B9565A}.Release|Any CPU.Build.0 = Release|Any CPU
		{F6905258-56F6-4C21-95D2-40C120D3E0E7}.Debug|Any CPU.ActiveCfg = Debug|Any CPU
		{F6905258-56F6-4C21-95D2-40C120D3E0E7}.Debug|Any CPU.Build.0 = Debug|Any CPU
		{F6905258-56F6-4C21-95D2-40C120D3E0E7}.Debug|Any CPU.Deploy.0 = Debug|Any CPU
		{F6905258-56F6-4C21-95D2-40C120D3E0E7}.Release|Any CPU.ActiveCfg = Release|Any CPU
		{F6905258-56F6-4C21-95D2-40C120D3E0E7}.Release|Any CPU.Build.0 = Release|Any CPU
		{F6905258-56F6-4C21-95D2-40C120D3E0E7}.Release|Any CPU.Deploy.0 = Release|Any CPU
	EndGlobalSection
	GlobalSection(SolutionProperties) = preSolution
		HideSolutionNode = FALSE
	EndGlobalSection
	GlobalSection(ExtensibilityGlobals) = postSolution
		SolutionGuid = {ECCC8247-F089-49F0-BDC0-847111918BBB}
	EndGlobalSection
EndGlobal
